{
  "nodes": {
    "nixpkgs": {
      "locked": {
        "lastModified": 1754990257,
        "narHash": "sha256-eEq2wlYNF2t89PsNyEv5Sz4lSxdukZCj4SdhZBVAGpI=",
        "owner": "nixos",
        "repo": "nixpkgs",
        "rev": "372d9eeeafa5b15913201e2b92e8e539ac7c64d1",
        "type": "github"
      },
      "original": {
        "owner": "nixos",
        "ref": "nixpkgs-unstable",
        "repo": "nixpkgs",
        "type": "github"
      }
    },
    "root": {
      "inputs": {
        "nixpkgs": "nixpkgs"
      }
    }
  },
  "root": "root",
  "version": 7
}
