{
  "nodes": {
    "nixpkgs": {
      "locked": {
        "lastModified": 1717399147,
        "narHash": "sha256-eCWaE/q1VItpFAxxLVt171MdtDcjEnwi6QB/yuF73JU=",
        "owner": "nixos",
        "repo": "nixpkgs",
        "rev": "4a4ecb0ab415c9fccfb005567a215e6a9564cdf5",
        "type": "github"
      },
      "original": {
        "owner": "nixos",
        "ref": "nixpkgs-unstable",
        "repo": "nixpkgs",
        "type": "github"
      }
    },
    "root": {
      "inputs": {
        "nixpkgs": "nixpkgs"
      }
    }
  },
  "root": "root",
  "version": 7
}
